
Microsoft Visual Studio Solution File, Format Version 12.00
# Visual Studio Version 17
VisualStudioVersion = 17.12.35527.113
MinimumVisualStudioVersion = 10.0.40219.1
Project("{2150E333-8FDC-42A3-9474-1A3956D46DE8}") = "src", "src", "{98F2A1D7-F461-4F3D-9D22-34CD88AB081A}"
EndProject
Project("{2150E333-8FDC-42A3-9474-1A3956D46DE8}") = "tests", "tests", "{FB73E352-9D48-4796-BAC0-A1ED91107F5D}"
EndProject
Project("{FAE04EC0-301F-11D3-BF4B-00C04F79EFBC}") = "FC.Codeflix.Catalog.UnitTests", "tests\FC.Codeflix.Catalog.UnitTests\FC.Codeflix.Catalog.UnitTests.csproj", "{7C192271-8D99-4FF7-AA89-656FB9F82FF4}"
	ProjectSection(ProjectDependencies) = postProject
		{923EE228-1FDC-4EDD-8B74-4EAA63C8D12A} = {923EE228-1FDC-4EDD-8B74-4EAA63C8D12A}
	EndProjectSection
EndProject
Project("{FAE04EC0-301F-11D3-BF4B-00C04F79EFBC}") = "FC.Codeflix.Catalog.Domain", "src\FC.Codeflix.Catalog.Domain\FC.Codeflix.Catalog.Domain.csproj", "{923EE228-1FDC-4EDD-8B74-4EAA63C8D12A}"
EndProject
Project("{FAE04EC0-301F-11D3-BF4B-00C04F79EFBC}") = "FC.Codeflix.Catalog.Application", "src\FC.Codeflix.Catalog.Application\FC.Codeflix.Catalog.Application.csproj", "{F13F796F-5B33-4AE0-AEFF-7C4508B96864}"
EndProject
Project("{FAE04EC0-301F-11D3-BF4B-00C04F79EFBC}") = "FC.Codeflix.Catalog.IntegrationTests", "tests\FC.Codeflix.Catalog.IntegrationTests\FC.Codeflix.Catalog.IntegrationTests.csproj", "{06F6BC43-CDDA-496B-9CA7-51D71D3953D2}"
EndProject
Global
	GlobalSection(SolutionConfigurationPlatforms) = preSolution
		Debug|Any CPU = Debug|Any CPU
		Release|Any CPU = Release|Any CPU
	EndGlobalSection
	GlobalSection(ProjectConfigurationPlatforms) = postSolution
		{7C192271-8D99-4FF7-AA89-656FB9F82FF4}.Debug|Any CPU.ActiveCfg = Debug|Any CPU
		{7C192271-8D99-4FF7-AA89-656FB9F82FF4}.Debug|Any CPU.Build.0 = Debug|Any CPU
		{7C192271-8D99-4FF7-AA89-656FB9F82FF4}.Release|Any CPU.ActiveCfg = Release|Any CPU
		{7C192271-8D99-4FF7-AA89-656FB9F82FF4}.Release|Any CPU.Build.0 = Release|Any CPU
		{923EE228-1FDC-4EDD-8B74-4EAA63C8D12A}.Debug|Any CPU.ActiveCfg = Debug|Any CPU
		{923EE228-1FDC-4EDD-8B74-4EAA63C8D12A}.Debug|Any CPU.Build.0 = Debug|Any CPU
		{923EE228-1FDC-4EDD-8B74-4EAA63C8D12A}.Release|Any CPU.ActiveCfg = Release|Any CPU
		{923EE228-1FDC-4EDD-8B74-4EAA63C8D12A}.Release|Any CPU.Build.0 = Release|Any CPU
		{F13F796F-5B33-4AE0-AEFF-7C4508B96864}.Debug|Any CPU.ActiveCfg = Debug|Any CPU
		{F13F796F-5B33-4AE0-AEFF-7C4508B96864}.Debug|Any CPU.Build.0 = Debug|Any CPU
		{F13F796F-5B33-4AE0-AEFF-7C4508B96864}.Release|Any CPU.ActiveCfg = Release|Any CPU
		{F13F796F-5B33-4AE0-AEFF-7C4508B96864}.Release|Any CPU.Build.0 = Release|Any CPU
		{06F6BC43-CDDA-496B-9CA7-51D71D3953D2}.Debug|Any CPU.ActiveCfg = Debug|Any CPU
		{06F6BC43-CDDA-496B-9CA7-51D71D3953D2}.Debug|Any CPU.Build.0 = Debug|Any CPU
		{06F6BC43-CDDA-496B-9CA7-51D71D3953D2}.Release|Any CPU.ActiveCfg = Release|Any CPU
		{06F6BC43-CDDA-496B-9CA7-51D71D3953D2}.Release|Any CPU.Build.0 = Release|Any CPU
	EndGlobalSection
	GlobalSection(SolutionProperties) = preSolution
		HideSolutionNode = FALSE
	EndGlobalSection
	GlobalSection(NestedProjects) = preSolution
		{7C192271-8D99-4FF7-AA89-656FB9F82FF4} = {FB73E352-9D48-4796-BAC0-A1ED91107F5D}
		{923EE228-1FDC-4EDD-8B74-4EAA63C8D12A} = {98F2A1D7-F461-4F3D-9D22-34CD88AB081A}
		{F13F796F-5B33-4AE0-AEFF-7C4508B96864} = {98F2A1D7-F461-4F3D-9D22-34CD88AB081A}
		{06F6BC43-CDDA-496B-9CA7-51D71D3953D2} = {FB73E352-9D48-4796-BAC0-A1ED91107F5D}
	EndGlobalSection
EndGlobal
